
Microsoft Visual Studio Solution File, Format Version 12.00
# Visual Studio Version 16
VisualStudioVersion = 16.0.32126.315
MinimumVisualStudioVersion = 10.0.40219.1
Project("{FAE04EC0-301F-11D3-BF4B-00C04F79EFBC}") = "ExerciciosRevisao", "ExerciciosRevisao.csproj", "{8D3A40D9-B8E4-4087-8ED9-2588ADB21C76}"
EndProject
Global
	GlobalSection(SolutionConfigurationPlatforms) = preSolution
		Debug|Any CPU = Debug|Any CPU
		Release|Any CPU = Release|Any CPU
	EndGlobalSection
	GlobalSection(ProjectConfigurationPlatforms) = postSolution
		{8D3A40D9-B8E4-4087-8ED9-2588ADB21C76}.Debug|Any CPU.ActiveCfg = Debug|Any CPU
		{8D3A40D9-B8E4-4087-8ED9-2588ADB21C76}.Debug|Any CPU.Build.0 = Debug|Any CPU
		{8D3A40D9-B8E4-4087-8ED9-2588ADB21C76}.Release|Any CPU.ActiveCfg = Release|Any CPU
		{8D3A40D9-B8E4-4087-8ED9-2588ADB21C76}.Release|Any CPU.Build.0 = Release|Any CPU
	EndGlobalSection
	GlobalSection(SolutionProperties) = preSolution
		HideSolutionNode = FALSE
	EndGlobalSection
	GlobalSection(ExtensibilityGlobals) = postSolution
		SolutionGuid = {7250B00D-A13D-4C2A-A15D-E6E57208018A}
	EndGlobalSection
EndGlobal
